
Microsoft Visual Studio Solution File, Format Version 12.00
# Visual Studio 14
VisualStudioVersion = 14.0.25420.1
MinimumVisualStudioVersion = 10.0.40219.1
Project("{FAE04EC0-301F-11D3-BF4B-00C04F79EFBC}") = "MvcSample", "MvcSample\MvcSample.csproj", "{B73D9916-42ED-4EEB-AA36-677190007C1B}"
EndProject
Project("{FAE04EC0-301F-11D3-BF4B-00C04F79EFBC}") = "MvcSample.Tests", "MvcSample.Tests\MvcSample.Tests.csproj", "{0928ACCF-D653-4B75-A630-8CC7D9995387}"
EndProject
Global
	GlobalSection(SolutionConfigurationPlatforms) = preSolution
		Debug|Any CPU = Debug|Any CPU
		Release|Any CPU = Release|Any CPU
	EndGlobalSection
	GlobalSection(ProjectConfigurationPlatforms) = postSolution
		{B73D9916-42ED-4EEB-AA36-677190007C1B}.Debug|Any CPU.ActiveCfg = Debug|Any CPU
		{B73D9916-42ED-4EEB-AA36-677190007C1B}.Debug|Any CPU.Build.0 = Debug|Any CPU
		{B73D9916-42ED-4EEB-AA36-677190007C1B}.Release|Any CPU.ActiveCfg = Release|Any CPU
		{B73D9916-42ED-4EEB-AA36-677190007C1B}.Release|Any CPU.Build.0 = Release|Any CPU
		{0928ACCF-D653-4B75-A630-8CC7D9995387}.Debug|Any CPU.ActiveCfg = Debug|Any CPU
		{0928ACCF-D653-4B75-A630-8CC7D9995387}.Debug|Any CPU.Build.0 = Debug|Any CPU
		{0928ACCF-D653-4B75-A630-8CC7D9995387}.Release|Any CPU.ActiveCfg = Release|Any CPU
		{0928ACCF-D653-4B75-A630-8CC7D9995387}.Release|Any CPU.Build.0 = Release|Any CPU
	EndGlobalSection
	GlobalSection(SolutionProperties) = preSolution
		HideSolutionNode = FALSE
	EndGlobalSection
EndGlobal
